// !$*UTF8*$!
{
	archiveVersion = 1;
	classes = {
	};
	objectVersion = 50;
	objects = {

/* Begin PBXBuildFile section */
		2D1E8FBE2691D1490065DAA9 /* TapItApp.swift in Sources */ = {isa = PBXBuildFile; fileRef = 2D1E8FBD2691D1490065DAA9 /* TapItApp.swift */; };
		2D1E8FC22691D14C0065DAA9 /* Assets.xcassets in Resources */ = {isa = PBXBuildFile; fileRef = 2D1E8FC12691D14C0065DAA9 /* Assets.xcassets */; };
		2D1E8FC52691D14C0065DAA9 /* Preview Assets.xcassets in Resources */ = {isa = PBXBuildFile; fileRef = 2D1E8FC42691D14C0065DAA9 /* Preview Assets.xcassets */; };
		2D1E8FCD2691D18B0065DAA9 /* TapModel.swift in Sources */ = {isa = PBXBuildFile; fileRef = 2D1E8FCC2691D18B0065DAA9 /* TapModel.swift */; };
		2D1E8FCF2691D1CC0065DAA9 /* DataService.swift in Sources */ = {isa = PBXBuildFile; fileRef = 2D1E8FCE2691D1CC0065DAA9 /* DataService.swift */; };
		2D1E8FD12691D2420065DAA9 /* TapListViewModel.swift in Sources */ = {isa = PBXBuildFile; fileRef = 2D1E8FD02691D2420065DAA9 /* TapListViewModel.swift */; };
		2D1E8FD32691D2940065DAA9 /* ListView.swift in Sources */ = {isa = PBXBuildFile; fileRef = 2D1E8FD22691D2940065DAA9 /* ListView.swift */; };
		2D1E8FD52691D29A0065DAA9 /* DetailedView.swift in Sources */ = {isa = PBXBuildFile; fileRef = 2D1E8FD42691D29A0065DAA9 /* DetailedView.swift */; };
		2D1E8FD72691DAC10065DAA9 /* TapViewModel.swift in Sources */ = {isa = PBXBuildFile; fileRef = 2D1E8FD62691DAC10065DAA9 /* TapViewModel.swift */; };
/* End PBXBuildFile section */

/* Begin PBXFileReference section */
		2D1E8FBA2691D1490065DAA9 /* TapIt.app */ = {isa = PBXFileReference; explicitFileType = wrapper.application; includeInIndex = 0; path = TapIt.app; sourceTree = BUILT_PRODUCTS_DIR; };
		2D1E8FBD2691D1490065DAA9 /* TapItApp.swift */ = {isa = PBXFileReference; lastKnownFileType = sourcecode.swift; path = TapItApp.swift; sourceTree = "<group>"; };
		2D1E8FC12691D14C0065DAA9 /* Assets.xcassets */ = {isa = PBXFileReference; lastKnownFileType = folder.assetcatalog; path = Assets.xcassets; sourceTree = "<group>"; };
		2D1E8FC42691D14C0065DAA9 /* Preview Assets.xcassets */ = {isa = PBXFileReference; lastKnownFileType = folder.assetcatalog; path = "Preview Assets.xcassets"; sourceTree = "<group>"; };
		2D1E8FC62691D14C0065DAA9 /* Info.plist */ = {isa = PBXFileReference; lastKnownFileType = text.plist.xml; path = Info.plist; sourceTree = "<group>"; };
		2D1E8FCC2691D18B0065DAA9 /* TapModel.swift */ = {isa = PBXFileReference; lastKnownFileType = sourcecode.swift; path = TapModel.swift; sourceTree = "<group>"; };
		2D1E8FCE2691D1CC0065DAA9 /* DataService.swift */ = {isa = PBXFileReference; lastKnownFileType = sourcecode.swift; path = DataService.swift; sourceTree = "<group>"; };
		2D1E8FD02691D2420065DAA9 /* TapListViewModel.swift */ = {isa = PBXFileReference; lastKnownFileType = sourcecode.swift; path = TapListViewModel.swift; sourceTree = "<group>"; };
		2D1E8FD22691D2940065DAA9 /* ListView.swift */ = {isa = PBXFileReference; lastKnownFileType = sourcecode.swift; path = ListView.swift; sourceTree = "<group>"; };
		2D1E8FD42691D29A0065DAA9 /* DetailedView.swift */ = {isa = PBXFileReference; lastKnownFileType = sourcecode.swift; path = DetailedView.swift; sourceTree = "<group>"; };
		2D1E8FD62691DAC10065DAA9 /* TapViewModel.swift */ = {isa = PBXFileReference; lastKnownFileType = sourcecode.swift; path = TapViewModel.swift; sourceTree = "<group>"; };
/* End PBXFileReference section */

/* Begin PBXFrameworksBuildPhase section */
		2D1E8FB72691D1490065DAA9 /* Frameworks */ = {
			isa = PBXFrameworksBuildPhase;
			buildActionMask = 2147483647;
			files = (
			);
			runOnlyForDeploymentPostprocessing = 0;
		};
/* End PBXFrameworksBuildPhase section */

/* Begin PBXGroup section */
		2D1E8FB12691D1490065DAA9 = {
			isa = PBXGroup;
			children = (
				2D1E8FBC2691D1490065DAA9 /* TapIt */,
				2D1E8FBB2691D1490065DAA9 /* Products */,
			);
			sourceTree = "<group>";
		};
		2D1E8FBB2691D1490065DAA9 /* Products */ = {
			isa = PBXGroup;
			children = (
				2D1E8FBA2691D1490065DAA9 /* TapIt.app */,
			);
			name = Products;
			sourceTree = "<group>";
		};
		2D1E8FBC2691D1490065DAA9 /* TapIt */ = {
			isa = PBXGroup;
			children = (
				2D1E8FBD2691D1490065DAA9 /* TapItApp.swift */,
				2D1E8FCC2691D18B0065DAA9 /* TapModel.swift */,
				2D1E8FCE2691D1CC0065DAA9 /* DataService.swift */,
				2D1E8FD62691DAC10065DAA9 /* TapViewModel.swift */,
				2D1E8FD02691D2420065DAA9 /* TapListViewModel.swift */,
				2D1E8FD22691D2940065DAA9 /* ListView.swift */,
				2D1E8FD42691D29A0065DAA9 /* DetailedView.swift */,
				2D1E8FC12691D14C0065DAA9 /* Assets.xcassets */,
				2D1E8FC62691D14C0065DAA9 /* Info.plist */,
				2D1E8FC32691D14C0065DAA9 /* Preview Content */,
			);
			path = TapIt;
			sourceTree = "<group>";
		};
		2D1E8FC32691D14C0065DAA9 /* Preview Content */ = {
			isa = PBXGroup;
			children = (
				2D1E8FC42691D14C0065DAA9 /* Preview Assets.xcassets */,
			);
			path = "Preview Content";
			sourceTree = "<group>";
		};
/* End PBXGroup section */

/* Begin PBXNativeTarget section */
		2D1E8FB92691D1490065DAA9 /* TapIt */ = {
			isa = PBXNativeTarget;
			buildConfigurationList = 2D1E8FC92691D14C0065DAA9 /* Build configuration list for PBXNativeTarget "TapIt" */;
			buildPhases = (
				2D1E8FB62691D1490065DAA9 /* Sources */,
				2D1E8FB72691D1490065DAA9 /* Frameworks */,
				2D1E8FB82691D1490065DAA9 /* Resources */,
			);
			buildRules = (
			);
			dependencies = (
			);
			name = TapIt;
			productName = TapIt;
			productReference = 2D1E8FBA2691D1490065DAA9 /* TapIt.app */;
			productType = "com.apple.product-type.application";
		};
/* End PBXNativeTarget section */

/* Begin PBXProject section */
		2D1E8FB22691D1490065DAA9 /* Project object */ = {
			isa = PBXProject;
			attributes = {
				LastSwiftUpdateCheck = 1250;
				LastUpgradeCheck = 1250;
				TargetAttributes = {
					2D1E8FB92691D1490065DAA9 = {
						CreatedOnToolsVersion = 12.5;
					};
				};
			};
			buildConfigurationList = 2D1E8FB52691D1490065DAA9 /* Build configuration list for PBXProject "TapIt" */;
			compatibilityVersion = "Xcode 9.3";
			developmentRegion = en;
			hasScannedForEncodings = 0;
			knownRegions = (
				en,
				Base,
			);
			mainGroup = 2D1E8FB12691D1490065DAA9;
			productRefGroup = 2D1E8FBB2691D1490065DAA9 /* Products */;
			projectDirPath = "";
			projectRoot = "";
			targets = (
				2D1E8FB92691D1490065DAA9 /* TapIt */,
			);
		};
/* End PBXProject section */

/* Begin PBXResourcesBuildPhase section */
		2D1E8FB82691D1490065DAA9 /* Resources */ = {
			isa = PBXResourcesBuildPhase;
			buildActionMask = 2147483647;
			files = (
				2D1E8FC52691D14C0065DAA9 /* Preview Assets.xcassets in Resources */,
				2D1E8FC22691D14C0065DAA9 /* Assets.xcassets in Resources */,
			);
			runOnlyForDeploymentPostprocessing = 0;
		};
/* End PBXResourcesBuildPhase section */

/* Begin PBXSourcesBuildPhase section */
		2D1E8FB62691D1490065DAA9 /* Sources */ = {
			isa = PBXSourcesBuildPhase;
			buildActionMask = 2147483647;
			files = (
				2D1E8FBE2691D1490065DAA9 /* TapItApp.swift in Sources */,
				2D1E8FD32691D2940065DAA9 /* ListView.swift in Sources */,
				2D1E8FCD2691D18B0065DAA9 /* TapModel.swift in Sources */,
				2D1E8FD52691D29A0065DAA9 /* DetailedView.swift in Sources */,
				2D1E8FD72691DAC10065DAA9 /* TapViewModel.swift in Sources */,
				2D1E8FCF2691D1CC0065DAA9 /* DataService.swift in Sources */,
				2D1E8FD12691D2420065DAA9 /* TapListViewModel.swift in Sources */,
			);
			runOnlyForDeploymentPostprocessing = 0;
		};
/* End PBXSourcesBuildPhase section */

/* Begin XCBuildConfiguration section */
		2D1E8FC72691D14C0065DAA9 /* Debug */ = {
			isa = XCBuildConfiguration;
			buildSettings = {
				ALWAYS_SEARCH_USER_PATHS = NO;
				CLANG_ANALYZER_NONNULL = YES;
				CLANG_ANALYZER_NUMBER_OBJECT_CONVERSION = YES_AGGRESSIVE;
				CLANG_CXX_LANGUAGE_STANDARD = "gnu++14";
				CLANG_CXX_LIBRARY = "libc++";
				CLANG_ENABLE_MODULES = YES;
				CLANG_ENABLE_OBJC_ARC = YES;
				CLANG_ENABLE_OBJC_WEAK = YES;
				CLANG_WARN_BLOCK_CAPTURE_AUTORELEASING = YES;
				CLANG_WARN_BOOL_CONVERSION = YES;
				CLANG_WARN_COMMA = YES;
				CLANG_WARN_CONSTANT_CONVERSION = YES;
				CLANG_WARN_DEPRECATED_OBJC_IMPLEMENTATIONS = YES;
				CLANG_WARN_DIRECT_OBJC_ISA_USAGE = YES_ERROR;
				CLANG_WARN_DOCUMENTATION_COMMENTS = YES;
				CLANG_WARN_EMPTY_BODY = YES;
				CLANG_WARN_ENUM_CONVERSION = YES;
				CLANG_WARN_INFINITE_RECURSION = YES;
				CLANG_WARN_INT_CONVERSION = YES;
				CLANG_WARN_NON_LITERAL_NULL_CONVERSION = YES;
				CLANG_WARN_OBJC_IMPLICIT_RETAIN_SELF = YES;
				CLANG_WARN_OBJC_LITERAL_CONVERSION = YES;
				CLANG_WARN_OBJC_ROOT_CLASS = YES_ERROR;
				CLANG_WARN_QUOTED_INCLUDE_IN_FRAMEWORK_HEADER = YES;
				CLANG_WARN_RANGE_LOOP_ANALYSIS = YES;
				CLANG_WARN_STRICT_PROTOTYPES = YES;
				CLANG_WARN_SUSPICIOUS_MOVE = YES;
				CLANG_WARN_UNGUARDED_AVAILABILITY = YES_AGGRESSIVE;
				CLANG_WARN_UNREACHABLE_CODE = YES;
				CLANG_WARN__DUPLICATE_METHOD_MATCH = YES;
				COPY_PHASE_STRIP = NO;
				DEBUG_INFORMATION_FORMAT = dwarf;
				ENABLE_STRICT_OBJC_MSGSEND = YES;
				ENABLE_TESTABILITY = YES;
				GCC_C_LANGUAGE_STANDARD = gnu11;
				GCC_DYNAMIC_NO_PIC = NO;
				GCC_NO_COMMON_BLOCKS = YES;
				GCC_OPTIMIZATION_LEVEL = 0;
				GCC_PREPROCESSOR_DEFINITIONS = (
					"DEBUG=1",
					"$(inherited)",
				);
				GCC_WARN_64_TO_32_BIT_CONVERSION = YES;
				GCC_WARN_ABOUT_RETURN_TYPE = YES_ERROR;
				GCC_WARN_UNDECLARED_SELECTOR = YES;
				GCC_WARN_UNINITIALIZED_AUTOS = YES_AGGRESSIVE;
				GCC_WARN_UNUSED_FUNCTION = YES;
				GCC_WARN_UNUSED_VARIABLE = YES;
				IPHONEOS_DEPLOYMENT_TARGET = 14.5;
				MTL_ENABLE_DEBUG_INFO = INCLUDE_SOURCE;
				MTL_FAST_MATH = YES;
				ONLY_ACTIVE_ARCH = YES;
				SDKROOT = iphoneos;
				SWIFT_ACTIVE_COMPILATION_CONDITIONS = DEBUG;
				SWIFT_OPTIMIZATION_LEVEL = "-Onone";
			};
			name = Debug;
		};
		2D1E8FC82691D14C0065DAA9 /* Release */ = {
			isa = XCBuildConfiguration;
			buildSettings = {
				ALWAYS_SEARCH_USER_PATHS = NO;
				CLANG_ANALYZER_NONNULL = YES;
				CLANG_ANALYZER_NUMBER_OBJECT_CONVERSION = YES_AGGRESSIVE;
				CLANG_CXX_LANGUAGE_STANDARD = "gnu++14";
				CLANG_CXX_LIBRARY = "libc++";
				CLANG_ENABLE_MODULES = YES;
				CLANG_ENABLE_OBJC_ARC = YES;
				CLANG_ENABLE_OBJC_WEAK = YES;
				CLANG_WARN_BLOCK_CAPTURE_AUTORELEASING = YES;
				CLANG_WARN_BOOL_CONVERSION = YES;
				CLANG_WARN_COMMA = YES;
				CLANG_WARN_CONSTANT_CONVERSION = YES;
				CLANG_WARN_DEPRECATED_OBJC_IMPLEMENTATIONS = YES;
				CLANG_WARN_DIRECT_OBJC_ISA_USAGE = YES_ERROR;
				CLANG_WARN_DOCUMENTATION_COMMENTS = YES;
				CLANG_WARN_EMPTY_BODY = YES;
				CLANG_WARN_ENUM_CONVERSION = YES;
				CLANG_WARN_INFINITE_RECURSION = YES;
				CLANG_WARN_INT_CONVERSION = YES;
				CLANG_WARN_NON_LITERAL_NULL_CONVERSION = YES;
				CLANG_WARN_OBJC_IMPLICIT_RETAIN_SELF = YES;
				CLANG_WARN_OBJC_LITERAL_CONVERSION = YES;
				CLANG_WARN_OBJC_ROOT_CLASS = YES_ERROR;
				CLANG_WARN_QUOTED_INCLUDE_IN_FRAMEWORK_HEADER = YES;
				CLANG_WARN_RANGE_LOOP_ANALYSIS = YES;
				CLANG_WARN_STRICT_PROTOTYPES = YES;
				CLANG_WARN_SUSPICIOUS_MOVE = YES;
				CLANG_WARN_UNGUARDED_AVAILABILITY = YES_AGGRESSIVE;
				CLANG_WARN_UNREACHABLE_CODE = YES;
				CLANG_WARN__DUPLICATE_METHOD_MATCH = YES;
				COPY_PHASE_STRIP = NO;
				DEBUG_INFORMATION_FORMAT = "dwarf-with-dsym";
				ENABLE_NS_ASSERTIONS = NO;
				ENABLE_STRICT_OBJC_MSGSEND = YES;
				GCC_C_LANGUAGE_STANDARD = gnu11;
				GCC_NO_COMMON_BLOCKS = YES;
				GCC_WARN_64_TO_32_BIT_CONVERSION = YES;
				GCC_WARN_ABOUT_RETURN_TYPE = YES_ERROR;
				GCC_WARN_UNDECLARED_SELECTOR = YES;
				GCC_WARN_UNINITIALIZED_AUTOS = YES_AGGRESSIVE;
				GCC_WARN_UNUSED_FUNCTION = YES;
				GCC_WARN_UNUSED_VARIABLE = YES;
				IPHONEOS_DEPLOYMENT_TARGET = 14.5;
				MTL_ENABLE_DEBUG_INFO = NO;
				MTL_FAST_MATH = YES;
				SDKROOT = iphoneos;
				SWIFT_COMPILATION_MODE = wholemodule;
				SWIFT_OPTIMIZATION_LEVEL = "-O";
				VALIDATE_PRODUCT = YES;
			};
			name = Release;
		};
		2D1E8FCA2691D14C0065DAA9 /* Debug */ = {
			isa = XCBuildConfiguration;
			buildSettings = {
				ASSETCATALOG_COMPILER_APPICON_NAME = AppIcon;
				ASSETCATALOG_COMPILER_GLOBAL_ACCENT_COLOR_NAME = AccentColor;
				CODE_SIGN_STYLE = Automatic;
				DEVELOPMENT_ASSET_PATHS = "\"TapIt/Preview Content\"";
				DEVELOPMENT_TEAM = XXZ3NAM4YU;
				ENABLE_PREVIEWS = YES;
				INFOPLIST_FILE = TapIt/Info.plist;
				IPHONEOS_DEPLOYMENT_TARGET = 14.0;
				LD_RUNPATH_SEARCH_PATHS = (
					"$(inherited)",
					"@executable_path/Frameworks",
				);
				PRODUCT_BUNDLE_IDENTIFIER = zhikharev.TapIt;
				PRODUCT_NAME = "$(TARGET_NAME)";
				SWIFT_VERSION = 5.0;
				TARGETED_DEVICE_FAMILY = "1,2";
			};
			name = Debug;
		};
		2D1E8FCB2691D14C0065DAA9 /* Release */ = {
			isa = XCBuildConfiguration;
			buildSettings = {
				ASSETCATALOG_COMPILER_APPICON_NAME = AppIcon;
				ASSETCATALOG_COMPILER_GLOBAL_ACCENT_COLOR_NAME = AccentColor;
				CODE_SIGN_STYLE = Automatic;
				DEVELOPMENT_ASSET_PATHS = "\"TapIt/Preview Content\"";
				DEVELOPMENT_TEAM = XXZ3NAM4YU;
				ENABLE_PREVIEWS = YES;
				INFOPLIST_FILE = TapIt/Info.plist;
				IPHONEOS_DEPLOYMENT_TARGET = 14.0;
				LD_RUNPATH_SEARCH_PATHS = (
					"$(inherited)",
					"@executable_path/Frameworks",
				);
				PRODUCT_BUNDLE_IDENTIFIER = zhikharev.TapIt;
				PRODUCT_NAME = "$(TARGET_NAME)";
				SWIFT_VERSION = 5.0;
				TARGETED_DEVICE_FAMILY = "1,2";
			};
			name = Release;
		};
/* End XCBuildConfiguration section */

/* Begin XCConfigurationList section */
		2D1E8FB52691D1490065DAA9 /* Build configuration list for PBXProject "TapIt" */ = {
			isa = XCConfigurationList;
			buildConfigurations = (
				2D1E8FC72691D14C0065DAA9 /* Debug */,
				2D1E8FC82691D14C0065DAA9 /* Release */,
			);
			defaultConfigurationIsVisible = 0;
			defaultConfigurationName = Release;
		};
		2D1E8FC92691D14C0065DAA9 /* Build configuration list for PBXNativeTarget "TapIt" */ = {
			isa = XCConfigurationList;
			buildConfigurations = (
				2D1E8FCA2691D14C0065DAA9 /* Debug */,
				2D1E8FCB2691D14C0065DAA9 /* Release */,
			);
			defaultConfigurationIsVisible = 0;
			defaultConfigurationName = Release;
		};
/* End XCConfigurationList section */
	};
	rootObject = 2D1E8FB22691D1490065DAA9 /* Project object */;
}
